// !$*UTF8*$!
{
	archiveVersion = 1;
	classes = {
	};
	objectVersion = 77;
	objects = {

/* Begin PBXContainerItemProxy section */
		BFBC5E5B2EF7AB340004C47D /* PBXContainerItemProxy */ = {
			isa = PBXContainerItemProxy;
			containerPortal = BFBC5E432EF7AB310004C47D /* Project object */;
			proxyType = 1;
			remoteGlobalIDString = BFBC5E4A2EF7AB310004C47D;
			remoteInfo = GorkTunes;
		};
		BFBC5E652EF7AB340004C47D /* PBXContainerItemProxy */ = {
			isa = PBXContainerItemProxy;
			containerPortal = BFBC5E432EF7AB310004C47D /* Project object */;
			proxyType = 1;
			remoteGlobalIDString = BFBC5E4A2EF7AB310004C47D;
			remoteInfo = GorkTunes;
		};
/* End PBXContainerItemProxy section */

/* Begin PBXFileReference section */
		BFBC5E4B2EF7AB310004C47D /* GorkTunes.app */ = {isa = PBXFileReference; explicitFileType = wrapper.application; includeInIndex = 0; path = GorkTunes.app; sourceTree = BUILT_PRODUCTS_DIR; };
		BFBC5E5A2EF7AB340004C47D /* GorkTunesTests.xctest */ = {isa = PBXFileReference; explicitFileType = wrapper.cfbundle; includeInIndex = 0; path = GorkTunesTests.xctest; sourceTree = BUILT_PRODUCTS_DIR; };
		BFBC5E642EF7AB340004C47D /* GorkTunesUITests.xctest */ = {isa = PBXFileReference; explicitFileType = wrapper.cfbundle; includeInIndex = 0; path = GorkTunesUITests.xctest; sourceTree = BUILT_PRODUCTS_DIR; };
/* End PBXFileReference section */

/* Begin PBXFileSystemSynchronizedRootGroup section */
		BFBC5E4D2EF7AB310004C47D /* GorkTunes */ = {
			isa = PBXFileSystemSynchronizedRootGroup;
			path = GorkTunes;
			sourceTree = "<group>";
		};
		BFBC5E5D2EF7AB340004C47D /* GorkTunesTests */ = {
			isa = PBXFileSystemSynchronizedRootGroup;
			path = GorkTunesTests;
			sourceTree = "<group>";
		};
		BFBC5E672EF7AB340004C47D /* GorkTunesUITests */ = {
			isa = PBXFileSystemSynchronizedRootGroup;
			path = GorkTunesUITests;
			sourceTree = "<group>";
		};
/* End PBXFileSystemSynchronizedRootGroup section */

/* Begin PBXFrameworksBuildPhase section */
		BFBC5E482EF7AB310004C47D /* Frameworks */ = {
			isa = PBXFrameworksBuildPhase;
			buildActionMask = 2147483647;
			files = (
			);
			runOnlyForDeploymentPostprocessing = 0;
		};
		BFBC5E572EF7AB340004C47D /* Frameworks */ = {
			isa = PBXFrameworksBuildPhase;
			buildActionMask = 2147483647;
			files = (
			);
			runOnlyForDeploymentPostprocessing = 0;
		};
		BFBC5E612EF7AB340004C47D /* Frameworks */ = {
			isa = PBXFrameworksBuildPhase;
			buildActionMask = 2147483647;
			files = (
			);
			runOnlyForDeploymentPostprocessing = 0;
		};
/* End PBXFrameworksBuildPhase section */

/* Begin PBXGroup section */
		BFBC5E422EF7AB310004C47D = {
			isa = PBXGroup;
			children = (
				BFBC5E4D2EF7AB310004C47D /* GorkTunes */,
				BFBC5E5D2EF7AB340004C47D /* GorkTunesTests */,
				BFBC5E672EF7AB340004C47D /* GorkTunesUITests */,
				BFBC5E4C2EF7AB310004C47D /* Products */,
			);
			sourceTree = "<group>";
		};
		BFBC5E4C2EF7AB310004C47D /* Products */ = {
			isa = PBXGroup;
			children = (
				BFBC5E4B2EF7AB310004C47D /* GorkTunes.app */,
				BFBC5E5A2EF7AB340004C47D /* GorkTunesTests.xctest */,
				BFBC5E642EF7AB340004C47D /* GorkTunesUITests.xctest */,
			);
			name = Products;
			sourceTree = "<group>";
		};
/* End PBXGroup section */

/* Begin PBXNativeTarget section */
		BFBC5E4A2EF7AB310004C47D /* GorkTunes */ = {
			isa = PBXNativeTarget;
			buildConfigurationList = BFBC5E6E2EF7AB340004C47D /* Build configuration list for PBXNativeTarget "GorkTunes" */;
			buildPhases = (
				BFBC5E472EF7AB310004C47D /* Sources */,
				BFBC5E482EF7AB310004C47D /* Frameworks */,
				BFBC5E492EF7AB310004C47D /* Resources */,
			);
			buildRules = (
			);
			dependencies = (
			);
			fileSystemSynchronizedGroups = (
				BFBC5E4D2EF7AB310004C47D /* GorkTunes */,
			);
			name = GorkTunes;
			packageProductDependencies = (
			);
			productName = GorkTunes;
			productReference = BFBC5E4B2EF7AB310004C47D /* GorkTunes.app */;
			productType = "com.apple.product-type.application";
		};
		BFBC5E592EF7AB340004C47D /* GorkTunesTests */ = {
			isa = PBXNativeTarget;
			buildConfigurationList = BFBC5E712EF7AB340004C47D /* Build configuration list for PBXNativeTarget "GorkTunesTests" */;
			buildPhases = (
				BFBC5E562EF7AB340004C47D /* Sources */,
				BFBC5E572EF7AB340004C47D /* Frameworks */,
				BFBC5E582EF7AB340004C47D /* Resources */,
			);
			buildRules = (
			);
			dependencies = (
				BFBC5E5C2EF7AB340004C47D /* PBXTargetDependency */,
			);
			fileSystemSynchronizedGroups = (
				BFBC5E5D2EF7AB340004C47D /* GorkTunesTests */,
			);
			name = GorkTunesTests;
			packageProductDependencies = (
			);
			productName = GorkTunesTests;
			productReference = BFBC5E5A2EF7AB340004C47D /* GorkTunesTests.xctest */;
			productType = "com.apple.product-type.bundle.unit-test";
		};
		BFBC5E632EF7AB340004C47D /* GorkTunesUITests */ = {
			isa = PBXNativeTarget;
			buildConfigurationList = BFBC5E742EF7AB340004C47D /* Build configuration list for PBXNativeTarget "GorkTunesUITests" */;
			buildPhases = (
				BFBC5E602EF7AB340004C47D /* Sources */,
				BFBC5E612EF7AB340004C47D /* Frameworks */,
				BFBC5E622EF7AB340004C47D /* Resources */,
			);
			buildRules = (
			);
			dependencies = (
				BFBC5E662EF7AB340004C47D /* PBXTargetDependency */,
			);
			fileSystemSynchronizedGroups = (
				BFBC5E672EF7AB340004C47D /* GorkTunesUITests */,
			);
			name = GorkTunesUITests;
			packageProductDependencies = (
			);
			productName = GorkTunesUITests;
			productReference = BFBC5E642EF7AB340004C47D /* GorkTunesUITests.xctest */;
			productType = "com.apple.product-type.bundle.ui-testing";
		};
/* End PBXNativeTarget section */

/* Begin PBXProject section */
		BFBC5E432EF7AB310004C47D /* Project object */ = {
			isa = PBXProject;
			attributes = {
				BuildIndependentTargetsInParallel = 1;
				LastSwiftUpdateCheck = 2620;
				LastUpgradeCheck = 2620;
				TargetAttributes = {
					BFBC5E4A2EF7AB310004C47D = {
						CreatedOnToolsVersion = 26.2;
					};
					BFBC5E592EF7AB340004C47D = {
						CreatedOnToolsVersion = 26.2;
						TestTargetID = BFBC5E4A2EF7AB310004C47D;
					};
					BFBC5E632EF7AB340004C47D = {
						CreatedOnToolsVersion = 26.2;
						TestTargetID = BFBC5E4A2EF7AB310004C47D;
					};
				};
			};
			buildConfigurationList = BFBC5E462EF7AB310004C47D /* Build configuration list for PBXProject "GorkTunes" */;
			developmentRegion = en;
			hasScannedForEncodings = 0;
			knownRegions = (
				en,
				Base,
			);
			mainGroup = BFBC5E422EF7AB310004C47D;
			minimizedProjectReferenceProxies = 1;
			preferredProjectObjectVersion = 77;
			productRefGroup = BFBC5E4C2EF7AB310004C47D /* Products */;
			projectDirPath = "";
			projectRoot = "";
			targets = (
				BFBC5E4A2EF7AB310004C47D /* GorkTunes */,
				BFBC5E592EF7AB340004C47D /* GorkTunesTests */,
				BFBC5E632EF7AB340004C47D /* GorkTunesUITests */,
			);
		};
/* End PBXProject section */

/* Begin PBXResourcesBuildPhase section */
		BFBC5E492EF7AB310004C47D /* Resources */ = {
			isa = PBXResourcesBuildPhase;
			buildActionMask = 2147483647;
			files = (
			);
			runOnlyForDeploymentPostprocessing = 0;
		};
		BFBC5E582EF7AB340004C47D /* Resources */ = {
			isa = PBXResourcesBuildPhase;
			buildActionMask = 2147483647;
			files = (
			);
			runOnlyForDeploymentPostprocessing = 0;
		};
		BFBC5E622EF7AB340004C47D /* Resources */ = {
			isa = PBXResourcesBuildPhase;
			buildActionMask = 2147483647;
			files = (
			);
			runOnlyForDeploymentPostprocessing = 0;
		};
/* End PBXResourcesBuildPhase section */

/* Begin PBXSourcesBuildPhase section */
		BFBC5E472EF7AB310004C47D /* Sources */ = {
			isa = PBXSourcesBuildPhase;
			buildActionMask = 2147483647;
			files = (
			);
			runOnlyForDeploymentPostprocessing = 0;
		};
		BFBC5E562EF7AB340004C47D /* Sources */ = {
			isa = PBXSourcesBuildPhase;
			buildActionMask = 2147483647;
			files = (
			);
			runOnlyForDeploymentPostprocessing = 0;
		};
		BFBC5E602EF7AB340004C47D /* Sources */ = {
			isa = PBXSourcesBuildPhase;
			buildActionMask = 2147483647;
			files = (
			);
			runOnlyForDeploymentPostprocessing = 0;
		};
/* End PBXSourcesBuildPhase section */

/* Begin PBXTargetDependency section */
		BFBC5E5C2EF7AB340004C47D /* PBXTargetDependency */ = {
			isa = PBXTargetDependency;
			target = BFBC5E4A2EF7AB310004C47D /* GorkTunes */;
			targetProxy = BFBC5E5B2EF7AB340004C47D /* PBXContainerItemProxy */;
		};
		BFBC5E662EF7AB340004C47D /* PBXTargetDependency */ = {
			isa = PBXTargetDependency;
			target = BFBC5E4A2EF7AB310004C47D /* GorkTunes */;
			targetProxy = BFBC5E652EF7AB340004C47D /* PBXContainerItemProxy */;
		};
/* End PBXTargetDependency section */

/* Begin XCBuildConfiguration section */
		BFBC5E6C2EF7AB340004C47D /* Debug */ = {
			isa = XCBuildConfiguration;
			buildSettings = {
				ALWAYS_SEARCH_USER_PATHS = NO;
				ASSETCATALOG_COMPILER_GENERATE_SWIFT_ASSET_SYMBOL_EXTENSIONS = YES;
				CLANG_ANALYZER_NONNULL = YES;
				CLANG_ANALYZER_NUMBER_OBJECT_CONVERSION = YES_AGGRESSIVE;
				CLANG_CXX_LANGUAGE_STANDARD = "gnu++20";
				CLANG_ENABLE_MODULES = YES;
				CLANG_ENABLE_OBJC_ARC = YES;
				CLANG_ENABLE_OBJC_WEAK = YES;
				CLANG_WARN_BLOCK_CAPTURE_AUTORELEASING = YES;
				CLANG_WARN_BOOL_CONVERSION = YES;
				CLANG_WARN_COMMA = YES;
				CLANG_WARN_CONSTANT_CONVERSION = YES;
				CLANG_WARN_DEPRECATED_OBJC_IMPLEMENTATIONS = YES;
				CLANG_WARN_DIRECT_OBJC_ISA_USAGE = YES_ERROR;
				CLANG_WARN_DOCUMENTATION_COMMENTS = YES;
				CLANG_WARN_EMPTY_BODY = YES;
				CLANG_WARN_ENUM_CONVERSION = YES;
				CLANG_WARN_INFINITE_RECURSION = YES;
				CLANG_WARN_INT_CONVERSION = YES;
				CLANG_WARN_NON_LITERAL_NULL_CONVERSION = YES;
				CLANG_WARN_OBJC_IMPLICIT_RETAIN_SELF = YES;
				CLANG_WARN_OBJC_LITERAL_CONVERSION = YES;
				CLANG_WARN_OBJC_ROOT_CLASS = YES_ERROR;
				CLANG_WARN_QUOTED_INCLUDE_IN_FRAMEWORK_HEADER = YES;
				CLANG_WARN_RANGE_LOOP_ANALYSIS = YES;
				CLANG_WARN_STRICT_PROTOTYPES = YES;
				CLANG_WARN_SUSPICIOUS_MOVE = YES;
				CLANG_WARN_UNGUARDED_AVAILABILITY = YES_AGGRESSIVE;
				CLANG_WARN_UNREACHABLE_CODE = YES;
				CLANG_WARN__DUPLICATE_METHOD_MATCH = YES;
				COPY_PHASE_STRIP = NO;
				DEBUG_INFORMATION_FORMAT = dwarf;
				DEVELOPMENT_TEAM = 25KFVC96M5;
				ENABLE_STRICT_OBJC_MSGSEND = YES;
				ENABLE_TESTABILITY = YES;
				ENABLE_USER_SCRIPT_SANDBOXING = YES;
				GCC_C_LANGUAGE_STANDARD = gnu17;
				GCC_DYNAMIC_NO_PIC = NO;
				GCC_NO_COMMON_BLOCKS = YES;
				GCC_OPTIMIZATION_LEVEL = 0;
				GCC_PREPROCESSOR_DEFINITIONS = (
					"DEBUG=1",
					"$(inherited)",
				);
				GCC_WARN_64_TO_32_BIT_CONVERSION = YES;
				GCC_WARN_ABOUT_RETURN_TYPE = YES_ERROR;
				GCC_WARN_UNDECLARED_SELECTOR = YES;
				GCC_WARN_UNINITIALIZED_AUTOS = YES_AGGRESSIVE;
				GCC_WARN_UNUSED_FUNCTION = YES;
				GCC_WARN_UNUSED_VARIABLE = YES;
				IPHONEOS_DEPLOYMENT_TARGET = 26.2;
				LOCALIZATION_PREFERS_STRING_CATALOGS = YES;
				MTL_ENABLE_DEBUG_INFO = INCLUDE_SOURCE;
				MTL_FAST_MATH = YES;
				ONLY_ACTIVE_ARCH = YES;
				SDKROOT = iphoneos;
				SWIFT_ACTIVE_COMPILATION_CONDITIONS = "DEBUG $(inherited)";
				SWIFT_OPTIMIZATION_LEVEL = "-Onone";
			};
			name = Debug;
		};
		BFBC5E6D2EF7AB340004C47D /* Release */ = {
			isa = XCBuildConfiguration;
			buildSettings = {
				ALWAYS_SEARCH_USER_PATHS = NO;
				ASSETCATALOG_COMPILER_GENERATE_SWIFT_ASSET_SYMBOL_EXTENSIONS = YES;
				CLANG_ANALYZER_NONNULL = YES;
				CLANG_ANALYZER_NUMBER_OBJECT_CONVERSION = YES_AGGRESSIVE;
				CLANG_CXX_LANGUAGE_STANDARD = "gnu++20";
				CLANG_ENABLE_MODULES = YES;
				CLANG_ENABLE_OBJC_ARC = YES;
				CLANG_ENABLE_OBJC_WEAK = YES;
				CLANG_WARN_BLOCK_CAPTURE_AUTORELEASING = YES;
				CLANG_WARN_BOOL_CONVERSION = YES;
				CLANG_WARN_COMMA = YES;
				CLANG_WARN_CONSTANT_CONVERSION = YES;
				CLANG_WARN_DEPRECATED_OBJC_IMPLEMENTATIONS = YES;
				CLANG_WARN_DIRECT_OBJC_ISA_USAGE = YES_ERROR;
				CLANG_WARN_DOCUMENTATION_COMMENTS = YES;
				CLANG_WARN_EMPTY_BODY = YES;
				CLANG_WARN_ENUM_CONVERSION = YES;
				CLANG_WARN_INFINITE_RECURSION = YES;
				CLANG_WARN_INT_CONVERSION = YES;
				CLANG_WARN_NON_LITERAL_NULL_CONVERSION = YES;
				CLANG_WARN_OBJC_IMPLICIT_RETAIN_SELF = YES;
				CLANG_WARN_OBJC_LITERAL_CONVERSION = YES;
				CLANG_WARN_OBJC_ROOT_CLASS = YES_ERROR;
				CLANG_WARN_QUOTED_INCLUDE_IN_FRAMEWORK_HEADER = YES;
				CLANG_WARN_RANGE_LOOP_ANALYSIS = YES;
				CLANG_WARN_STRICT_PROTOTYPES = YES;
				CLANG_WARN_SUSPICIOUS_MOVE = YES;
				CLANG_WARN_UNGUARDED_AVAILABILITY = YES_AGGRESSIVE;
				CLANG_WARN_UNREACHABLE_CODE = YES;
				CLANG_WARN__DUPLICATE_METHOD_MATCH = YES;
				COPY_PHASE_STRIP = NO;
				DEBUG_INFORMATION_FORMAT = "dwarf-with-dsym";
				DEVELOPMENT_TEAM = 25KFVC96M5;
				ENABLE_NS_ASSERTIONS = NO;
				ENABLE_STRICT_OBJC_MSGSEND = YES;
				ENABLE_USER_SCRIPT_SANDBOXING = YES;
				GCC_C_LANGUAGE_STANDARD = gnu17;
				GCC_NO_COMMON_BLOCKS = YES;
				GCC_WARN_64_TO_32_BIT_CONVERSION = YES;
				GCC_WARN_ABOUT_RETURN_TYPE = YES_ERROR;
				GCC_WARN_UNDECLARED_SELECTOR = YES;
				GCC_WARN_UNINITIALIZED_AUTOS = YES_AGGRESSIVE;
				GCC_WARN_UNUSED_FUNCTION = YES;
				GCC_WARN_UNUSED_VARIABLE = YES;
				IPHONEOS_DEPLOYMENT_TARGET = 26.2;
				LOCALIZATION_PREFERS_STRING_CATALOGS = YES;
				MTL_ENABLE_DEBUG_INFO = NO;
				MTL_FAST_MATH = YES;
				SDKROOT = iphoneos;
				SWIFT_COMPILATION_MODE = wholemodule;
				VALIDATE_PRODUCT = YES;
			};
			name = Release;
		};
		BFBC5E6F2EF7AB340004C47D /* Debug */ = {
			isa = XCBuildConfiguration;
			buildSettings = {
				ASSETCATALOG_COMPILER_APPICON_NAME = AppIcon;
				ASSETCATALOG_COMPILER_GLOBAL_ACCENT_COLOR_NAME = AccentColor;
				CODE_SIGN_STYLE = Automatic;
				CURRENT_PROJECT_VERSION = 1;
				DEVELOPMENT_TEAM = 25KFVC96M5;
				ENABLE_PREVIEWS = YES;
				GENERATE_INFOPLIST_FILE = YES;
				INFOPLIST_KEY_UIApplicationSceneManifest_Generation = YES;
				INFOPLIST_KEY_UIApplicationSupportsIndirectInputEvents = YES;
				INFOPLIST_KEY_UILaunchScreen_Generation = YES;
				INFOPLIST_KEY_UISupportedInterfaceOrientations_iPad = "UIInterfaceOrientationPortrait UIInterfaceOrientationPortraitUpsideDown UIInterfaceOrientationLandscapeLeft UIInterfaceOrientationLandscapeRight";
				INFOPLIST_KEY_UISupportedInterfaceOrientations_iPhone = "UIInterfaceOrientationPortrait UIInterfaceOrientationLandscapeLeft UIInterfaceOrientationLandscapeRight";
				LD_RUNPATH_SEARCH_PATHS = (
					"$(inherited)",
					"@executable_path/Frameworks",
				);
				MARKETING_VERSION = 1.0;
				PRODUCT_BUNDLE_IDENTIFIER = com.gorkinc.GorkTunes;
				PRODUCT_NAME = "$(TARGET_NAME)";
				STRING_CATALOG_GENERATE_SYMBOLS = YES;
				SWIFT_APPROACHABLE_CONCURRENCY = YES;
				SWIFT_DEFAULT_ACTOR_ISOLATION = MainActor;
				SWIFT_EMIT_LOC_STRINGS = YES;
				SWIFT_UPCOMING_FEATURE_MEMBER_IMPORT_VISIBILITY = YES;
				SWIFT_VERSION = 5.0;
				TARGETED_DEVICE_FAMILY = "1,2";
			};
			name = Debug;
		};
		BFBC5E702EF7AB340004C47D /* Release */ = {
			isa = XCBuildConfiguration;
			buildSettings = {
				ASSETCATALOG_COMPILER_APPICON_NAME = AppIcon;
				ASSETCATALOG_COMPILER_GLOBAL_ACCENT_COLOR_NAME = AccentColor;
				CODE_SIGN_STYLE = Automatic;
				CURRENT_PROJECT_VERSION = 1;
				DEVELOPMENT_TEAM = 25KFVC96M5;
				ENABLE_PREVIEWS = YES;
				GENERATE_INFOPLIST_FILE = YES;
				INFOPLIST_KEY_UIApplicationSceneManifest_Generation = YES;
				INFOPLIST_KEY_UIApplicationSupportsIndirectInputEvents = YES;
				INFOPLIST_KEY_UILaunchScreen_Generation = YES;
				INFOPLIST_KEY_UISupportedInterfaceOrientations_iPad = "UIInterfaceOrientationPortrait UIInterfaceOrientationPortraitUpsideDown UIInterfaceOrientationLandscapeLeft UIInterfaceOrientationLandscapeRight";
				INFOPLIST_KEY_UISupportedInterfaceOrientations_iPhone = "UIInterfaceOrientationPortrait UIInterfaceOrientationLandscapeLeft UIInterfaceOrientationLandscapeRight";
				LD_RUNPATH_SEARCH_PATHS = (
					"$(inherited)",
					"@executable_path/Frameworks",
				);
				MARKETING_VERSION = 1.0;
				PRODUCT_BUNDLE_IDENTIFIER = com.gorkinc.GorkTunes;
				PRODUCT_NAME = "$(TARGET_NAME)";
				STRING_CATALOG_GENERATE_SYMBOLS = YES;
				SWIFT_APPROACHABLE_CONCURRENCY = YES;
				SWIFT_DEFAULT_ACTOR_ISOLATION = MainActor;
				SWIFT_EMIT_LOC_STRINGS = YES;
				SWIFT_UPCOMING_FEATURE_MEMBER_IMPORT_VISIBILITY = YES;
				SWIFT_VERSION = 5.0;
				TARGETED_DEVICE_FAMILY = "1,2";
			};
			name = Release;
		};
		BFBC5E722EF7AB340004C47D /* Debug */ = {
			isa = XCBuildConfiguration;
			buildSettings = {
				BUNDLE_LOADER = "$(TEST_HOST)";
				CODE_SIGN_STYLE = Automatic;
				CURRENT_PROJECT_VERSION = 1;
				DEVELOPMENT_TEAM = 25KFVC96M5;
				GENERATE_INFOPLIST_FILE = YES;
				IPHONEOS_DEPLOYMENT_TARGET = 26.2;
				MARKETING_VERSION = 1.0;
				PRODUCT_BUNDLE_IDENTIFIER = com.gorkinc.GorkTunesTests;
				PRODUCT_NAME = "$(TARGET_NAME)";
				STRING_CATALOG_GENERATE_SYMBOLS = NO;
				SWIFT_APPROACHABLE_CONCURRENCY = YES;
				SWIFT_EMIT_LOC_STRINGS = NO;
				SWIFT_UPCOMING_FEATURE_MEMBER_IMPORT_VISIBILITY = YES;
				SWIFT_VERSION = 5.0;
				TARGETED_DEVICE_FAMILY = "1,2";
				TEST_HOST = "$(BUILT_PRODUCTS_DIR)/GorkTunes.app/$(BUNDLE_EXECUTABLE_FOLDER_PATH)/GorkTunes";
			};
			name = Debug;
		};
		BFBC5E732EF7AB340004C47D /* Release */ = {
			isa = XCBuildConfiguration;
			buildSettings = {
				BUNDLE_LOADER = "$(TEST_HOST)";
				CODE_SIGN_STYLE = Automatic;
				CURRENT_PROJECT_VERSION = 1;
				DEVELOPMENT_TEAM = 25KFVC96M5;
				GENERATE_INFOPLIST_FILE = YES;
				IPHONEOS_DEPLOYMENT_TARGET = 26.2;
				MARKETING_VERSION = 1.0;
				PRODUCT_BUNDLE_IDENTIFIER = com.gorkinc.GorkTunesTests;
				PRODUCT_NAME = "$(TARGET_NAME)";
				STRING_CATALOG_GENERATE_SYMBOLS = NO;
				SWIFT_APPROACHABLE_CONCURRENCY = YES;
				SWIFT_EMIT_LOC_STRINGS = NO;
				SWIFT_UPCOMING_FEATURE_MEMBER_IMPORT_VISIBILITY = YES;
				SWIFT_VERSION = 5.0;
				TARGETED_DEVICE_FAMILY = "1,2";
				TEST_HOST = "$(BUILT_PRODUCTS_DIR)/GorkTunes.app/$(BUNDLE_EXECUTABLE_FOLDER_PATH)/GorkTunes";
			};
			name = Release;
		};
		BFBC5E752EF7AB340004C47D /* Debug */ = {
			isa = XCBuildConfiguration;
			buildSettings = {
				CODE_SIGN_STYLE = Automatic;
				CURRENT_PROJECT_VERSION = 1;
				DEVELOPMENT_TEAM = 25KFVC96M5;
				GENERATE_INFOPLIST_FILE = YES;
				MARKETING_VERSION = 1.0;
				PRODUCT_BUNDLE_IDENTIFIER = com.gorkinc.GorkTunesUITests;
				PRODUCT_NAME = "$(TARGET_NAME)";
				STRING_CATALOG_GENERATE_SYMBOLS = NO;
				SWIFT_APPROACHABLE_CONCURRENCY = YES;
				SWIFT_EMIT_LOC_STRINGS = NO;
				SWIFT_UPCOMING_FEATURE_MEMBER_IMPORT_VISIBILITY = YES;
				SWIFT_VERSION = 5.0;
				TARGETED_DEVICE_FAMILY = "1,2";
				TEST_TARGET_NAME = GorkTunes;
			};
			name = Debug;
		};
		BFBC5E762EF7AB340004C47D /* Release */ = {
			isa = XCBuildConfiguration;
			buildSettings = {
				CODE_SIGN_STYLE = Automatic;
				CURRENT_PROJECT_VERSION = 1;
				DEVELOPMENT_TEAM = 25KFVC96M5;
				GENERATE_INFOPLIST_FILE = YES;
				MARKETING_VERSION = 1.0;
				PRODUCT_BUNDLE_IDENTIFIER = com.gorkinc.GorkTunesUITests;
				PRODUCT_NAME = "$(TARGET_NAME)";
				STRING_CATALOG_GENERATE_SYMBOLS = NO;
				SWIFT_APPROACHABLE_CONCURRENCY = YES;
				SWIFT_EMIT_LOC_STRINGS = NO;
				SWIFT_UPCOMING_FEATURE_MEMBER_IMPORT_VISIBILITY = YES;
				SWIFT_VERSION = 5.0;
				TARGETED_DEVICE_FAMILY = "1,2";
				TEST_TARGET_NAME = GorkTunes;
			};
			name = Release;
		};
/* End XCBuildConfiguration section */

/* Begin XCConfigurationList section */
		BFBC5E462EF7AB310004C47D /* Build configuration list for PBXProject "GorkTunes" */ = {
			isa = XCConfigurationList;
			buildConfigurations = (
				BFBC5E6C2EF7AB340004C47D /* Debug */,
				BFBC5E6D2EF7AB340004C47D /* Release */,
			);
			defaultConfigurationIsVisible = 0;
			defaultConfigurationName = Release;
		};
		BFBC5E6E2EF7AB340004C47D /* Build configuration list for PBXNativeTarget "GorkTunes" */ = {
			isa = XCConfigurationList;
			buildConfigurations = (
				BFBC5E6F2EF7AB340004C47D /* Debug */,
				BFBC5E702EF7AB340004C47D /* Release */,
			);
			defaultConfigurationIsVisible = 0;
			defaultConfigurationName = Release;
		};
		BFBC5E712EF7AB340004C47D /* Build configuration list for PBXNativeTarget "GorkTunesTests" */ = {
			isa = XCConfigurationList;
			buildConfigurations = (
				BFBC5E722EF7AB340004C47D /* Debug */,
				BFBC5E732EF7AB340004C47D /* Release */,
			);
			defaultConfigurationIsVisible = 0;
			defaultConfigurationName = Release;
		};
		BFBC5E742EF7AB340004C47D /* Build configuration list for PBXNativeTarget "GorkTunesUITests" */ = {
			isa = XCConfigurationList;
			buildConfigurations = (
				BFBC5E752EF7AB340004C47D /* Debug */,
				BFBC5E762EF7AB340004C47D /* Release */,
			);
			defaultConfigurationIsVisible = 0;
			defaultConfigurationName = Release;
		};
/* End XCConfigurationList section */
	};
	rootObject = BFBC5E432EF7AB310004C47D /* Project object */;
}
