{
  "originHash" : "d359b453f80eff662ccfa174463b73b9841e9e210e24dd695e679789e5b4eef1",
  "pins" : [
    {
      "identity" : "id3tageditor",
      "kind" : "remoteSourceControl",
      "location" : "https://github.com/chicio/ID3TagEditor",
      "state" : {
        "revision" : "adcebd1680ac1a93f8a95f84c515680cac3c69d6",
        "version" : "5.4.0"
      }
    }
  ],
  "version" : 3
}
